
Microsoft Visual Studio Solution File, Format Version 12.00
# Visual Studio Version 17
VisualStudioVersion = 17.4.33213.308
MinimumVisualStudioVersion = 10.0.40219.1
Project("{9A19103F-16F7-4668-BE54-9A1E7A4F7556}") = "MinimalApi", "MinimalApi\MinimalApi.csproj", "{6463A873-3322-4853-8509-32B6714F32DB}"
EndProject
Project("{FAE04EC0-301F-11D3-BF4B-00C04F79EFBC}") = "MinimalApi.Tests", "MinimalApi.Tests\MinimalApi.Tests.csproj", "{908AB9A7-3DCE-498A-A38F-73676B5B7762}"
EndProject
Global
	GlobalSection(SolutionConfigurationPlatforms) = preSolution
		Debug|Any CPU = Debug|Any CPU
		Release|Any CPU = Release|Any CPU
	EndGlobalSection
	GlobalSection(ProjectConfigurationPlatforms) = postSolution
		{6463A873-3322-4853-8509-32B6714F32DB}.Debug|Any CPU.ActiveCfg = Debug|Any CPU
		{6463A873-3322-4853-8509-32B6714F32DB}.Debug|Any CPU.Build.0 = Debug|Any CPU
		{6463A873-3322-4853-8509-32B6714F32DB}.Release|Any CPU.ActiveCfg = Release|Any CPU
		{6463A873-3322-4853-8509-32B6714F32DB}.Release|Any CPU.Build.0 = Release|Any CPU
		{908AB9A7-3DCE-498A-A38F-73676B5B7762}.Debug|Any CPU.ActiveCfg = Debug|Any CPU
		{908AB9A7-3DCE-498A-A38F-73676B5B7762}.Debug|Any CPU.Build.0 = Debug|Any CPU
		{908AB9A7-3DCE-498A-A38F-73676B5B7762}.Release|Any CPU.ActiveCfg = Release|Any CPU
		{908AB9A7-3DCE-498A-A38F-73676B5B7762}.Release|Any CPU.Build.0 = Release|Any CPU
	EndGlobalSection
	GlobalSection(SolutionProperties) = preSolution
		HideSolutionNode = FALSE
	EndGlobalSection
	GlobalSection(ExtensibilityGlobals) = postSolution
		SolutionGuid = {D93E66C0-0B42-4BD5-9E62-2E260EC8DF69}
	EndGlobalSection
EndGlobal
